
Microsoft Visual Studio Solution File, Format Version 12.00
# Visual Studio Version 17
VisualStudioVersion = 17.2.32630.192
MinimumVisualStudioVersion = 10.0.40219.1
Project("{9A19103F-16F7-4668-BE54-9A1E7A4F7556}") = "cbhk", "cbhk\cbhk.csproj", "{A235137C-4DF1-4A25-8C24-629B5383AB24}"
EndProject
Project("{FAE04EC0-301F-11D3-BF4B-00C04F79EFBC}") = "CBHKTester", "CBHKTester\CBHKTester.csproj", "{3369BA5E-E8FF-4675-A15B-AB7881A3211F}"
EndProject
Project("{FAE04EC0-301F-11D3-BF4B-00C04F79EFBC}") = "cbhkShared", "cbhkShared\cbhkShared.csproj", "{B2BA9649-030E-422F-AD74-8B1B66815818}"
EndProject
Global
	GlobalSection(SolutionConfigurationPlatforms) = preSolution
		Debug|Any CPU = Debug|Any CPU
		Debug|x64 = Debug|x64
		Debug|x86 = Debug|x86
		Release|Any CPU = Release|Any CPU
		Release|x64 = Release|x64
		Release|x86 = Release|x86
	EndGlobalSection
	GlobalSection(ProjectConfigurationPlatforms) = postSolution
		{A235137C-4DF1-4A25-8C24-629B5383AB24}.Debug|Any CPU.ActiveCfg = Debug|Any CPU
		{A235137C-4DF1-4A25-8C24-629B5383AB24}.Debug|Any CPU.Build.0 = Debug|Any CPU
		{A235137C-4DF1-4A25-8C24-629B5383AB24}.Debug|x64.ActiveCfg = Debug|Any CPU
		{A235137C-4DF1-4A25-8C24-629B5383AB24}.Debug|x64.Build.0 = Debug|Any CPU
		{A235137C-4DF1-4A25-8C24-629B5383AB24}.Debug|x86.ActiveCfg = Debug|x86
		{A235137C-4DF1-4A25-8C24-629B5383AB24}.Debug|x86.Build.0 = Debug|x86
		{A235137C-4DF1-4A25-8C24-629B5383AB24}.Release|Any CPU.ActiveCfg = Release|Any CPU
		{A235137C-4DF1-4A25-8C24-629B5383AB24}.Release|Any CPU.Build.0 = Release|Any CPU
		{A235137C-4DF1-4A25-8C24-629B5383AB24}.Release|x64.ActiveCfg = Release|x64
		{A235137C-4DF1-4A25-8C24-629B5383AB24}.Release|x64.Build.0 = Release|x64
		{A235137C-4DF1-4A25-8C24-629B5383AB24}.Release|x86.ActiveCfg = Release|Any CPU
		{A235137C-4DF1-4A25-8C24-629B5383AB24}.Release|x86.Build.0 = Release|Any CPU
		{3369BA5E-E8FF-4675-A15B-AB7881A3211F}.Debug|Any CPU.ActiveCfg = Debug|Any CPU
		{3369BA5E-E8FF-4675-A15B-AB7881A3211F}.Debug|Any CPU.Build.0 = Debug|Any CPU
		{3369BA5E-E8FF-4675-A15B-AB7881A3211F}.Debug|x64.ActiveCfg = Debug|Any CPU
		{3369BA5E-E8FF-4675-A15B-AB7881A3211F}.Debug|x64.Build.0 = Debug|Any CPU
		{3369BA5E-E8FF-4675-A15B-AB7881A3211F}.Debug|x86.ActiveCfg = Debug|Any CPU
		{3369BA5E-E8FF-4675-A15B-AB7881A3211F}.Debug|x86.Build.0 = Debug|Any CPU
		{3369BA5E-E8FF-4675-A15B-AB7881A3211F}.Release|Any CPU.ActiveCfg = Release|Any CPU
		{3369BA5E-E8FF-4675-A15B-AB7881A3211F}.Release|Any CPU.Build.0 = Release|Any CPU
		{3369BA5E-E8FF-4675-A15B-AB7881A3211F}.Release|x64.ActiveCfg = Release|Any CPU
		{3369BA5E-E8FF-4675-A15B-AB7881A3211F}.Release|x64.Build.0 = Release|Any CPU
		{3369BA5E-E8FF-4675-A15B-AB7881A3211F}.Release|x86.ActiveCfg = Release|Any CPU
		{3369BA5E-E8FF-4675-A15B-AB7881A3211F}.Release|x86.Build.0 = Release|Any CPU
		{B2BA9649-030E-422F-AD74-8B1B66815818}.Debug|Any CPU.ActiveCfg = Debug|Any CPU
		{B2BA9649-030E-422F-AD74-8B1B66815818}.Debug|Any CPU.Build.0 = Debug|Any CPU
		{B2BA9649-030E-422F-AD74-8B1B66815818}.Debug|x64.ActiveCfg = Debug|Any CPU
		{B2BA9649-030E-422F-AD74-8B1B66815818}.Debug|x64.Build.0 = Debug|Any CPU
		{B2BA9649-030E-422F-AD74-8B1B66815818}.Debug|x86.ActiveCfg = Debug|Any CPU
		{B2BA9649-030E-422F-AD74-8B1B66815818}.Debug|x86.Build.0 = Debug|Any CPU
		{B2BA9649-030E-422F-AD74-8B1B66815818}.Release|Any CPU.ActiveCfg = Release|Any CPU
		{B2BA9649-030E-422F-AD74-8B1B66815818}.Release|Any CPU.Build.0 = Release|Any CPU
		{B2BA9649-030E-422F-AD74-8B1B66815818}.Release|x64.ActiveCfg = Release|Any CPU
		{B2BA9649-030E-422F-AD74-8B1B66815818}.Release|x64.Build.0 = Release|Any CPU
		{B2BA9649-030E-422F-AD74-8B1B66815818}.Release|x86.ActiveCfg = Release|Any CPU
		{B2BA9649-030E-422F-AD74-8B1B66815818}.Release|x86.Build.0 = Release|Any CPU
	EndGlobalSection
	GlobalSection(SolutionProperties) = preSolution
		HideSolutionNode = FALSE
	EndGlobalSection
	GlobalSection(ExtensibilityGlobals) = postSolution
		SolutionGuid = {A9920BDE-5B92-495A-94E6-7018A5BC60F6}
	EndGlobalSection
EndGlobal
