
Microsoft Visual Studio Solution File, Format Version 12.00
# Visual Studio Version 17
VisualStudioVersion = 17.8.34511.84
MinimumVisualStudioVersion = 10.0.40219.1
Project("{FAE04EC0-301F-11D3-BF4B-00C04F79EFBC}") = "CBHK-Updater", "CBHK-Updater\CBHK-Updater.csproj", "{EE62C723-751C-4114-9A5F-DF7B5E95A251}"
EndProject
Global
	GlobalSection(SolutionConfigurationPlatforms) = preSolution
		Debug|Any CPU = Debug|Any CPU
		Release|Any CPU = Release|Any CPU
	EndGlobalSection
	GlobalSection(ProjectConfigurationPlatforms) = postSolution
		{EE62C723-751C-4114-9A5F-DF7B5E95A251}.Debug|Any CPU.ActiveCfg = Debug|Any CPU
		{EE62C723-751C-4114-9A5F-DF7B5E95A251}.Debug|Any CPU.Build.0 = Debug|Any CPU
		{EE62C723-751C-4114-9A5F-DF7B5E95A251}.Release|Any CPU.ActiveCfg = Release|Any CPU
		{EE62C723-751C-4114-9A5F-DF7B5E95A251}.Release|Any CPU.Build.0 = Release|Any CPU
	EndGlobalSection
	GlobalSection(SolutionProperties) = preSolution
		HideSolutionNode = FALSE
	EndGlobalSection
	GlobalSection(ExtensibilityGlobals) = postSolution
		SolutionGuid = {3228D3DD-BA3D-458E-B228-96FC61502ADD}
	EndGlobalSection
EndGlobal
